
Microsoft Visual Studio Solution File, Format Version 12.00
# Visual Studio Version 16
VisualStudioVersion = 16.0.31613.86
MinimumVisualStudioVersion = 10.0.40219.1
Project("{FAE04EC0-301F-11D3-BF4B-00C04F79EFBC}") = "NestedClassDemo", "NestedClassDemo.csproj", "{51BF9E7F-AB22-4B28-BF76-3818FC03EA0B}"
EndProject
Global
	GlobalSection(SolutionConfigurationPlatforms) = preSolution
		Debug|Any CPU = Debug|Any CPU
		Release|Any CPU = Release|Any CPU
	EndGlobalSection
	GlobalSection(ProjectConfigurationPlatforms) = postSolution
		{51BF9E7F-AB22-4B28-BF76-3818FC03EA0B}.Debug|Any CPU.ActiveCfg = Debug|Any CPU
		{51BF9E7F-AB22-4B28-BF76-3818FC03EA0B}.Debug|Any CPU.Build.0 = Debug|Any CPU
		{51BF9E7F-AB22-4B28-BF76-3818FC03EA0B}.Release|Any CPU.ActiveCfg = Release|Any CPU
		{51BF9E7F-AB22-4B28-BF76-3818FC03EA0B}.Release|Any CPU.Build.0 = Release|Any CPU
	EndGlobalSection
	GlobalSection(SolutionProperties) = preSolution
		HideSolutionNode = FALSE
	EndGlobalSection
	GlobalSection(ExtensibilityGlobals) = postSolution
		SolutionGuid = {BB099E2F-BA04-429B-898F-124E3CC0FA06}
	EndGlobalSection
EndGlobal
